
Microsoft Visual Studio Solution File, Format Version 12.00
# Visual Studio 14
VisualStudioVersion = 14.0.25420.1
MinimumVisualStudioVersion = 10.0.40219.1
Project("{2150E333-8FDC-42A3-9474-1A3956D46DE8}") = "Core", "Core", "{B223AB15-D391-4E28-8400-D0572D52C718}"
EndProject
Project("{FAE04EC0-301F-11D3-BF4B-00C04F79EFBC}") = "Helios.Core", "Core\Helios.Core\Helios.Core.csproj", "{688C44E8-375B-4FB4-BE62-D13C1FEE3C1B}"
EndProject
Project("{FAE04EC0-301F-11D3-BF4B-00C04F79EFBC}") = "Helios.Caching.Web", "Core\Helios.Caching.Web\Helios.Caching.Web.csproj", "{1B796466-5507-4971-94AB-CDD82954775C}"
EndProject
Project("{FAE04EC0-301F-11D3-BF4B-00C04F79EFBC}") = "Helios.Caching.Memory", "Core\Helios.Caching.Memory\Helios.Caching.Memory.csproj", "{D472A111-25C6-4E76-9A7E-04637FC94E6B}"
EndProject
Project("{2150E333-8FDC-42A3-9474-1A3956D46DE8}") = "Data", "Data", "{B5B93D55-D3C5-48BB-A8DF-C8330AA5F15D}"
EndProject
Project("{FAE04EC0-301F-11D3-BF4B-00C04F79EFBC}") = "Helios.Data.EF", "Data\Helios.Data.EF\Helios.Data.EF.csproj", "{62D200FB-52D5-4966-A7F0-3927DE1AD265}"
EndProject
Project("{2150E333-8FDC-42A3-9474-1A3956D46DE8}") = "Services", "Services", "{A080D1BD-8C15-4ECD-8811-6C2D53E1097C}"
EndProject
Project("{2150E333-8FDC-42A3-9474-1A3956D46DE8}") = "Common", "Common", "{A046B6F2-6FC7-4702-842C-47AB19F63D6A}"
EndProject
Project("{2150E333-8FDC-42A3-9474-1A3956D46DE8}") = "Hosts", "Hosts", "{74E2522C-47DB-473C-B496-F2DC5A0E3A58}"
EndProject
Project("{2150E333-8FDC-42A3-9474-1A3956D46DE8}") = "Presentation", "Presentation", "{CF34A4E4-D419-4D77-ABDC-BF8BE1C66757}"
EndProject
Project("{FAE04EC0-301F-11D3-BF4B-00C04F79EFBC}") = "Helios.Web", "Presentation\Helios.Web\Helios.Web.csproj", "{5CF3D186-C010-4D0A-86AE-2D964362D612}"
EndProject
Project("{2150E333-8FDC-42A3-9474-1A3956D46DE8}") = "Authentication", "Authentication", "{9BF97D95-87C2-40D0-878F-208E705FD5A6}"
EndProject
Project("{FAE04EC0-301F-11D3-BF4B-00C04F79EFBC}") = "Helios.Authentication", "Services\Authentication\Helios.Authentication\Helios.Authentication.csproj", "{4C3D9014-7AAA-497E-8E55-9167462A6540}"
EndProject
Project("{FAE04EC0-301F-11D3-BF4B-00C04F79EFBC}") = "Helios.Authentication.Impl", "Services\Authentication\Helios.Authentication.Impl\Helios.Authentication.Impl.csproj", "{0C5CFA5B-3E5C-4A10-86AF-1E2894E049FB}"
EndProject
Project("{FAE04EC0-301F-11D3-BF4B-00C04F79EFBC}") = "Helios.Common", "Services\Common\Helios.Common\Helios.Common.csproj", "{27DAF31D-2177-4323-AE45-E2EB87CD8E43}"
EndProject
Project("{FAE04EC0-301F-11D3-BF4B-00C04F79EFBC}") = "Helios.Common.Impl", "Services\Common\Helios.Common.Impl\Helios.Common.Impl.csproj", "{E969FA05-5DA5-4D21-B32D-22806C0CD458}"
EndProject
Project("{FAE04EC0-301F-11D3-BF4B-00C04F79EFBC}") = "Helios.Common.Tests", "Services\Common\Helios.Common.Tests\Helios.Common.Tests.csproj", "{FFC8215D-E697-4466-B584-A523A497B835}"
EndProject
Project("{2150E333-8FDC-42A3-9474-1A3956D46DE8}") = "Events", "Events", "{8A751851-8015-4DF7-A1A8-3F7E21E67290}"
EndProject
Project("{FAE04EC0-301F-11D3-BF4B-00C04F79EFBC}") = "Helios.Wcf.WebHost", "Presentation\Helios.Wcf.WebHost\Helios.Wcf.WebHost.csproj", "{122A4219-445C-48AD-970A-0527885B461F}"
EndProject
Global
	GlobalSection(SolutionConfigurationPlatforms) = preSolution
		Debug|Any CPU = Debug|Any CPU
		Release|Any CPU = Release|Any CPU
	EndGlobalSection
	GlobalSection(ProjectConfigurationPlatforms) = postSolution
		{688C44E8-375B-4FB4-BE62-D13C1FEE3C1B}.Debug|Any CPU.ActiveCfg = Debug|Any CPU
		{688C44E8-375B-4FB4-BE62-D13C1FEE3C1B}.Debug|Any CPU.Build.0 = Debug|Any CPU
		{688C44E8-375B-4FB4-BE62-D13C1FEE3C1B}.Release|Any CPU.ActiveCfg = Release|Any CPU
		{688C44E8-375B-4FB4-BE62-D13C1FEE3C1B}.Release|Any CPU.Build.0 = Release|Any CPU
		{1B796466-5507-4971-94AB-CDD82954775C}.Debug|Any CPU.ActiveCfg = Debug|Any CPU
		{1B796466-5507-4971-94AB-CDD82954775C}.Debug|Any CPU.Build.0 = Debug|Any CPU
		{1B796466-5507-4971-94AB-CDD82954775C}.Release|Any CPU.ActiveCfg = Release|Any CPU
		{1B796466-5507-4971-94AB-CDD82954775C}.Release|Any CPU.Build.0 = Release|Any CPU
		{D472A111-25C6-4E76-9A7E-04637FC94E6B}.Debug|Any CPU.ActiveCfg = Debug|Any CPU
		{D472A111-25C6-4E76-9A7E-04637FC94E6B}.Debug|Any CPU.Build.0 = Debug|Any CPU
		{D472A111-25C6-4E76-9A7E-04637FC94E6B}.Release|Any CPU.ActiveCfg = Release|Any CPU
		{D472A111-25C6-4E76-9A7E-04637FC94E6B}.Release|Any CPU.Build.0 = Release|Any CPU
		{62D200FB-52D5-4966-A7F0-3927DE1AD265}.Debug|Any CPU.ActiveCfg = Debug|Any CPU
		{62D200FB-52D5-4966-A7F0-3927DE1AD265}.Debug|Any CPU.Build.0 = Debug|Any CPU
		{62D200FB-52D5-4966-A7F0-3927DE1AD265}.Release|Any CPU.ActiveCfg = Release|Any CPU
		{62D200FB-52D5-4966-A7F0-3927DE1AD265}.Release|Any CPU.Build.0 = Release|Any CPU
		{5CF3D186-C010-4D0A-86AE-2D964362D612}.Debug|Any CPU.ActiveCfg = Debug|Any CPU
		{5CF3D186-C010-4D0A-86AE-2D964362D612}.Debug|Any CPU.Build.0 = Debug|Any CPU
		{5CF3D186-C010-4D0A-86AE-2D964362D612}.Release|Any CPU.ActiveCfg = Release|Any CPU
		{5CF3D186-C010-4D0A-86AE-2D964362D612}.Release|Any CPU.Build.0 = Release|Any CPU
		{4C3D9014-7AAA-497E-8E55-9167462A6540}.Debug|Any CPU.ActiveCfg = Debug|Any CPU
		{4C3D9014-7AAA-497E-8E55-9167462A6540}.Debug|Any CPU.Build.0 = Debug|Any CPU
		{4C3D9014-7AAA-497E-8E55-9167462A6540}.Release|Any CPU.ActiveCfg = Release|Any CPU
		{4C3D9014-7AAA-497E-8E55-9167462A6540}.Release|Any CPU.Build.0 = Release|Any CPU
		{0C5CFA5B-3E5C-4A10-86AF-1E2894E049FB}.Debug|Any CPU.ActiveCfg = Debug|Any CPU
		{0C5CFA5B-3E5C-4A10-86AF-1E2894E049FB}.Debug|Any CPU.Build.0 = Debug|Any CPU
		{0C5CFA5B-3E5C-4A10-86AF-1E2894E049FB}.Release|Any CPU.ActiveCfg = Release|Any CPU
		{0C5CFA5B-3E5C-4A10-86AF-1E2894E049FB}.Release|Any CPU.Build.0 = Release|Any CPU
		{27DAF31D-2177-4323-AE45-E2EB87CD8E43}.Debug|Any CPU.ActiveCfg = Debug|Any CPU
		{27DAF31D-2177-4323-AE45-E2EB87CD8E43}.Debug|Any CPU.Build.0 = Debug|Any CPU
		{27DAF31D-2177-4323-AE45-E2EB87CD8E43}.Release|Any CPU.ActiveCfg = Release|Any CPU
		{27DAF31D-2177-4323-AE45-E2EB87CD8E43}.Release|Any CPU.Build.0 = Release|Any CPU
		{E969FA05-5DA5-4D21-B32D-22806C0CD458}.Debug|Any CPU.ActiveCfg = Debug|Any CPU
		{E969FA05-5DA5-4D21-B32D-22806C0CD458}.Debug|Any CPU.Build.0 = Debug|Any CPU
		{E969FA05-5DA5-4D21-B32D-22806C0CD458}.Release|Any CPU.ActiveCfg = Release|Any CPU
		{E969FA05-5DA5-4D21-B32D-22806C0CD458}.Release|Any CPU.Build.0 = Release|Any CPU
		{FFC8215D-E697-4466-B584-A523A497B835}.Debug|Any CPU.ActiveCfg = Debug|Any CPU
		{FFC8215D-E697-4466-B584-A523A497B835}.Debug|Any CPU.Build.0 = Debug|Any CPU
		{FFC8215D-E697-4466-B584-A523A497B835}.Release|Any CPU.ActiveCfg = Release|Any CPU
		{FFC8215D-E697-4466-B584-A523A497B835}.Release|Any CPU.Build.0 = Release|Any CPU
		{122A4219-445C-48AD-970A-0527885B461F}.Debug|Any CPU.ActiveCfg = Debug|Any CPU
		{122A4219-445C-48AD-970A-0527885B461F}.Debug|Any CPU.Build.0 = Debug|Any CPU
		{122A4219-445C-48AD-970A-0527885B461F}.Release|Any CPU.ActiveCfg = Release|Any CPU
		{122A4219-445C-48AD-970A-0527885B461F}.Release|Any CPU.Build.0 = Release|Any CPU
	EndGlobalSection
	GlobalSection(SolutionProperties) = preSolution
		HideSolutionNode = FALSE
	EndGlobalSection
	GlobalSection(NestedProjects) = preSolution
		{688C44E8-375B-4FB4-BE62-D13C1FEE3C1B} = {B223AB15-D391-4E28-8400-D0572D52C718}
		{1B796466-5507-4971-94AB-CDD82954775C} = {B223AB15-D391-4E28-8400-D0572D52C718}
		{D472A111-25C6-4E76-9A7E-04637FC94E6B} = {B223AB15-D391-4E28-8400-D0572D52C718}
		{62D200FB-52D5-4966-A7F0-3927DE1AD265} = {B5B93D55-D3C5-48BB-A8DF-C8330AA5F15D}
		{A046B6F2-6FC7-4702-842C-47AB19F63D6A} = {A080D1BD-8C15-4ECD-8811-6C2D53E1097C}
		{74E2522C-47DB-473C-B496-F2DC5A0E3A58} = {A080D1BD-8C15-4ECD-8811-6C2D53E1097C}
		{5CF3D186-C010-4D0A-86AE-2D964362D612} = {CF34A4E4-D419-4D77-ABDC-BF8BE1C66757}
		{9BF97D95-87C2-40D0-878F-208E705FD5A6} = {A080D1BD-8C15-4ECD-8811-6C2D53E1097C}
		{4C3D9014-7AAA-497E-8E55-9167462A6540} = {9BF97D95-87C2-40D0-878F-208E705FD5A6}
		{0C5CFA5B-3E5C-4A10-86AF-1E2894E049FB} = {9BF97D95-87C2-40D0-878F-208E705FD5A6}
		{27DAF31D-2177-4323-AE45-E2EB87CD8E43} = {A046B6F2-6FC7-4702-842C-47AB19F63D6A}
		{E969FA05-5DA5-4D21-B32D-22806C0CD458} = {A046B6F2-6FC7-4702-842C-47AB19F63D6A}
		{FFC8215D-E697-4466-B584-A523A497B835} = {A046B6F2-6FC7-4702-842C-47AB19F63D6A}
		{8A751851-8015-4DF7-A1A8-3F7E21E67290} = {A080D1BD-8C15-4ECD-8811-6C2D53E1097C}
		{122A4219-445C-48AD-970A-0527885B461F} = {CF34A4E4-D419-4D77-ABDC-BF8BE1C66757}
	EndGlobalSection
EndGlobal
